{
  "name": "plugin-name",
  "version": "1.0.0",
  "lockfileVersion": 2,
  "requires": true,
  "packages": {
    "": {
      "name": "plugin-name",
      "version": "1.0.0",
      "devDependencies": {
        "@figma/plugin-typings": "^1.56.0"
      }
    },
    "node_modules/@figma/plugin-typings": {
      "version": "1.56.0",
      "resolved": "https://registry.npmjs.org/@figma/plugin-typings/-/plugin-typings-1.56.0.tgz",
      "integrity": "sha512-vvxmZffirG2i//EJtMcpCalEQS0OjcV5fXG21eVu7ovQJWJrvTlTNPmhUIx9RMJC0qxhIuqqjaf15Rom5AzAIg==",
      "dev": true
    }
  },
  "dependencies": {
    "@figma/plugin-typings": {
      "version": "1.56.0",
      "resolved": "https://registry.npmjs.org/@figma/plugin-typings/-/plugin-typings-1.56.0.tgz",
      "integrity": "sha512-vvxmZffirG2i//EJtMcpCalEQS0OjcV5fXG21eVu7ovQJWJrvTlTNPmhUIx9RMJC0qxhIuqqjaf15Rom5AzAIg==",
      "dev": true
    }
  }
}
